
Microsoft Visual Studio Solution File, Format Version 12.00
# Visual Studio Express 2012 for Web
Project("{FAE04EC0-301F-11D3-BF4B-00C04F79EFBC}") = "HumansoftServer", "HumansoftServer\HumansoftServer.csproj", "{643F5C50-312F-4CB8-967F-D8FAF6677DF6}"
EndProject
Project("{FAE04EC0-301F-11D3-BF4B-00C04F79EFBC}") = "Humansoft", "Humansoft\Humansoft.csproj", "{628D306B-3347-4B8B-A64E-D2B25F28738F}"
EndProject
Global
	GlobalSection(SolutionConfigurationPlatforms) = preSolution
		Debug|Any CPU = Debug|Any CPU
		Release|Any CPU = Release|Any CPU
	EndGlobalSection
	GlobalSection(ProjectConfigurationPlatforms) = postSolution
		{643F5C50-312F-4CB8-967F-D8FAF6677DF6}.Debug|Any CPU.ActiveCfg = Debug|Any CPU
		{643F5C50-312F-4CB8-967F-D8FAF6677DF6}.Debug|Any CPU.Build.0 = Debug|Any CPU
		{643F5C50-312F-4CB8-967F-D8FAF6677DF6}.Release|Any CPU.ActiveCfg = Release|Any CPU
		{643F5C50-312F-4CB8-967F-D8FAF6677DF6}.Release|Any CPU.Build.0 = Release|Any CPU
		{628D306B-3347-4B8B-A64E-D2B25F28738F}.Debug|Any CPU.ActiveCfg = Debug|Any CPU
		{628D306B-3347-4B8B-A64E-D2B25F28738F}.Debug|Any CPU.Build.0 = Debug|Any CPU
		{628D306B-3347-4B8B-A64E-D2B25F28738F}.Release|Any CPU.ActiveCfg = Release|Any CPU
		{628D306B-3347-4B8B-A64E-D2B25F28738F}.Release|Any CPU.Build.0 = Release|Any CPU
	EndGlobalSection
	GlobalSection(SolutionProperties) = preSolution
		HideSolutionNode = FALSE
	EndGlobalSection
EndGlobal
